
Microsoft Visual Studio Solution File, Format Version 12.00
# Visual Studio 15
VisualStudioVersion = 15.0.27703.2042
MinimumVisualStudioVersion = 10.0.40219.1
Project("{9A19103F-16F7-4668-BE54-9A1E7A4F7556}") = "IdentityServer4.QuickstartUI.IdSrv", "IdentityServer4.QuickstartUI.IdSrv\IdentityServer4.QuickstartUI.IdSrv.csproj", "{B5F5531D-ECAE-4A0F-91FA-F0A18AC15FCE}"
EndProject
Project("{FAE04EC0-301F-11D3-BF4B-00C04F79EFBC}") = "IdentityServer4.QuickstartUI.Api", "IdentityServer4.QuickstartUI.Api\IdentityServer4.QuickstartUI.Api.csproj", "{CA8A1B4A-43C6-4283-8B4F-097C06E968A7}"
EndProject
Project("{FAE04EC0-301F-11D3-BF4B-00C04F79EFBC}") = "IdentityServer4.QuickstartUI.ApiClient", "IdentityServer4.QuickstartUI.ApiClient\IdentityServer4.QuickstartUI.ApiClient.csproj", "{267B54D6-9F3A-40E9-A701-CB536ED6CA8A}"
EndProject
Global
	GlobalSection(SolutionConfigurationPlatforms) = preSolution
		Debug|Any CPU = Debug|Any CPU
		Release|Any CPU = Release|Any CPU
	EndGlobalSection
	GlobalSection(ProjectConfigurationPlatforms) = postSolution
		{B5F5531D-ECAE-4A0F-91FA-F0A18AC15FCE}.Debug|Any CPU.ActiveCfg = Debug|Any CPU
		{B5F5531D-ECAE-4A0F-91FA-F0A18AC15FCE}.Debug|Any CPU.Build.0 = Debug|Any CPU
		{B5F5531D-ECAE-4A0F-91FA-F0A18AC15FCE}.Release|Any CPU.ActiveCfg = Release|Any CPU
		{B5F5531D-ECAE-4A0F-91FA-F0A18AC15FCE}.Release|Any CPU.Build.0 = Release|Any CPU
		{CA8A1B4A-43C6-4283-8B4F-097C06E968A7}.Debug|Any CPU.ActiveCfg = Debug|Any CPU
		{CA8A1B4A-43C6-4283-8B4F-097C06E968A7}.Debug|Any CPU.Build.0 = Debug|Any CPU
		{CA8A1B4A-43C6-4283-8B4F-097C06E968A7}.Release|Any CPU.ActiveCfg = Release|Any CPU
		{CA8A1B4A-43C6-4283-8B4F-097C06E968A7}.Release|Any CPU.Build.0 = Release|Any CPU
		{267B54D6-9F3A-40E9-A701-CB536ED6CA8A}.Debug|Any CPU.ActiveCfg = Debug|Any CPU
		{267B54D6-9F3A-40E9-A701-CB536ED6CA8A}.Debug|Any CPU.Build.0 = Debug|Any CPU
		{267B54D6-9F3A-40E9-A701-CB536ED6CA8A}.Release|Any CPU.ActiveCfg = Release|Any CPU
		{267B54D6-9F3A-40E9-A701-CB536ED6CA8A}.Release|Any CPU.Build.0 = Release|Any CPU
	EndGlobalSection
	GlobalSection(SolutionProperties) = preSolution
		HideSolutionNode = FALSE
	EndGlobalSection
	GlobalSection(ExtensibilityGlobals) = postSolution
		SolutionGuid = {66D9B7A2-85FA-4613-A24B-190E782D0120}
	EndGlobalSection
EndGlobal
